
Microsoft Visual Studio Solution File, Format Version 12.00
# Visual Studio Version 17
VisualStudioVersion = 17.5.002.0
MinimumVisualStudioVersion = 10.0.40219.1
Project("{9A19103F-16F7-4668-BE54-9A1E7A4F7556}") = "screen-sound", "screen-sound.csproj", "{FFC46436-C5CD-4337-B0A2-822491C76625}"
EndProject
Global
	GlobalSection(SolutionConfigurationPlatforms) = preSolution
		Debug|Any CPU = Debug|Any CPU
		Release|Any CPU = Release|Any CPU
	EndGlobalSection
	GlobalSection(ProjectConfigurationPlatforms) = postSolution
		{FFC46436-C5CD-4337-B0A2-822491C76625}.Debug|Any CPU.ActiveCfg = Debug|Any CPU
		{FFC46436-C5CD-4337-B0A2-822491C76625}.Debug|Any CPU.Build.0 = Debug|Any CPU
		{FFC46436-C5CD-4337-B0A2-822491C76625}.Release|Any CPU.ActiveCfg = Release|Any CPU
		{FFC46436-C5CD-4337-B0A2-822491C76625}.Release|Any CPU.Build.0 = Release|Any CPU
	EndGlobalSection
	GlobalSection(SolutionProperties) = preSolution
		HideSolutionNode = FALSE
	EndGlobalSection
	GlobalSection(ExtensibilityGlobals) = postSolution
		SolutionGuid = {8D950BC8-00CB-4AFA-9E5A-7E896E7E258D}
	EndGlobalSection
EndGlobal
